
Microsoft Visual Studio Solution File, Format Version 12.00
# Visual Studio Version 17
VisualStudioVersion = 17.2.32630.192
MinimumVisualStudioVersion = 10.0.40219.1
Project("{FAE04EC0-301F-11D3-BF4B-00C04F79EFBC}") = "wpfProject2", "wpfProject2\wpfProject2.csproj", "{2E7E540B-D381-42BB-88CD-BC8153D8DD3C}"
EndProject
Global
	GlobalSection(SolutionConfigurationPlatforms) = preSolution
		Debug|Any CPU = Debug|Any CPU
		Release|Any CPU = Release|Any CPU
	EndGlobalSection
	GlobalSection(ProjectConfigurationPlatforms) = postSolution
		{2E7E540B-D381-42BB-88CD-BC8153D8DD3C}.Debug|Any CPU.ActiveCfg = Debug|Any CPU
		{2E7E540B-D381-42BB-88CD-BC8153D8DD3C}.Debug|Any CPU.Build.0 = Debug|Any CPU
		{2E7E540B-D381-42BB-88CD-BC8153D8DD3C}.Release|Any CPU.ActiveCfg = Release|Any CPU
		{2E7E540B-D381-42BB-88CD-BC8153D8DD3C}.Release|Any CPU.Build.0 = Release|Any CPU
	EndGlobalSection
	GlobalSection(SolutionProperties) = preSolution
		HideSolutionNode = FALSE
	EndGlobalSection
	GlobalSection(ExtensibilityGlobals) = postSolution
		SolutionGuid = {D4D36B5E-788E-4F03-B1EC-3B8DBA71C4BB}
	EndGlobalSection
EndGlobal
